// !$*UTF8*$!
{
	archiveVersion = 1;
	classes = {
	};
	objectVersion = 50;
	objects = {

/* Begin PBXBuildFile section */
		041576A325C955D900593681 /* AppDelegate.swift in Sources */ = {isa = PBXBuildFile; fileRef = 041576A225C955D900593681 /* AppDelegate.swift */; };
		041576A525C955D900593681 /* SceneDelegate.swift in Sources */ = {isa = PBXBuildFile; fileRef = 041576A425C955D900593681 /* SceneDelegate.swift */; };
		041576A725C955D900593681 /* ViewController.swift in Sources */ = {isa = PBXBuildFile; fileRef = 041576A625C955D900593681 /* ViewController.swift */; };
		041576AA25C955D900593681 /* Main.storyboard in Resources */ = {isa = PBXBuildFile; fileRef = 041576A825C955D900593681 /* Main.storyboard */; };
		041576AD25C955D900593681 /* SmartScanner.xcdatamodeld in Sources */ = {isa = PBXBuildFile; fileRef = 041576AB25C955D900593681 /* SmartScanner.xcdatamodeld */; };
		041576AF25C955DE00593681 /* Assets.xcassets in Resources */ = {isa = PBXBuildFile; fileRef = 041576AE25C955DE00593681 /* Assets.xcassets */; };
		041576B225C955DE00593681 /* LaunchScreen.storyboard in Resources */ = {isa = PBXBuildFile; fileRef = 041576B025C955DE00593681 /* LaunchScreen.storyboard */; };
		042C7AC625CDDA4B00EAABDD /* GeneratorEmailQRVC.swift in Sources */ = {isa = PBXBuildFile; fileRef = 042C7AC525CDDA4B00EAABDD /* GeneratorEmailQRVC.swift */; };
		04EFEE0825CAFC9F00AA2194 /* HistoryCell.swift in Sources */ = {isa = PBXBuildFile; fileRef = 04EFEE0725CAFC9F00AA2194 /* HistoryCell.swift */; };
		04EFEE0C25CAFD3F00AA2194 /* HistoryTableViewController.swift in Sources */ = {isa = PBXBuildFile; fileRef = 04EFEE0B25CAFD3F00AA2194 /* HistoryTableViewController.swift */; };
		04EFEE1125CB020C00AA2194 /* GenerateViewController.swift in Sources */ = {isa = PBXBuildFile; fileRef = 04EFEE1025CB020C00AA2194 /* GenerateViewController.swift */; };
/* End PBXBuildFile section */

/* Begin PBXFileReference section */
		0415769F25C955D900593681 /* SmartScanner.app */ = {isa = PBXFileReference; explicitFileType = wrapper.application; includeInIndex = 0; path = SmartScanner.app; sourceTree = BUILT_PRODUCTS_DIR; };
		041576A225C955D900593681 /* AppDelegate.swift */ = {isa = PBXFileReference; lastKnownFileType = sourcecode.swift; path = AppDelegate.swift; sourceTree = "<group>"; };
		041576A425C955D900593681 /* SceneDelegate.swift */ = {isa = PBXFileReference; lastKnownFileType = sourcecode.swift; path = SceneDelegate.swift; sourceTree = "<group>"; };
		041576A625C955D900593681 /* ViewController.swift */ = {isa = PBXFileReference; lastKnownFileType = sourcecode.swift; path = ViewController.swift; sourceTree = "<group>"; };
		041576A925C955D900593681 /* Base */ = {isa = PBXFileReference; lastKnownFileType = file.storyboard; name = Base; path = Base.lproj/Main.storyboard; sourceTree = "<group>"; };
		041576AC25C955D900593681 /* SmartScanner.xcdatamodel */ = {isa = PBXFileReference; lastKnownFileType = wrapper.xcdatamodel; path = SmartScanner.xcdatamodel; sourceTree = "<group>"; };
		041576AE25C955DE00593681 /* Assets.xcassets */ = {isa = PBXFileReference; lastKnownFileType = folder.assetcatalog; path = Assets.xcassets; sourceTree = "<group>"; };
		041576B125C955DE00593681 /* Base */ = {isa = PBXFileReference; lastKnownFileType = file.storyboard; name = Base; path = Base.lproj/LaunchScreen.storyboard; sourceTree = "<group>"; };
		041576B325C955DE00593681 /* Info.plist */ = {isa = PBXFileReference; lastKnownFileType = text.plist.xml; path = Info.plist; sourceTree = "<group>"; };
		042C7AC525CDDA4B00EAABDD /* GeneratorEmailQRVC.swift */ = {isa = PBXFileReference; lastKnownFileType = sourcecode.swift; path = GeneratorEmailQRVC.swift; sourceTree = "<group>"; };
		04EFEE0725CAFC9F00AA2194 /* HistoryCell.swift */ = {isa = PBXFileReference; lastKnownFileType = sourcecode.swift; path = HistoryCell.swift; sourceTree = "<group>"; };
		04EFEE0B25CAFD3F00AA2194 /* HistoryTableViewController.swift */ = {isa = PBXFileReference; lastKnownFileType = sourcecode.swift; path = HistoryTableViewController.swift; sourceTree = "<group>"; };
		04EFEE1025CB020C00AA2194 /* GenerateViewController.swift */ = {isa = PBXFileReference; lastKnownFileType = sourcecode.swift; path = GenerateViewController.swift; sourceTree = "<group>"; };
/* End PBXFileReference section */

/* Begin PBXFrameworksBuildPhase section */
		0415769C25C955D900593681 /* Frameworks */ = {
			isa = PBXFrameworksBuildPhase;
			buildActionMask = 2147483647;
			files = (
			);
			runOnlyForDeploymentPostprocessing = 0;
		};
/* End PBXFrameworksBuildPhase section */

/* Begin PBXGroup section */
		0415769625C955D900593681 = {
			isa = PBXGroup;
			children = (
				041576A125C955D900593681 /* SmartScanner */,
				041576A025C955D900593681 /* Products */,
			);
			sourceTree = "<group>";
		};
		041576A025C955D900593681 /* Products */ = {
			isa = PBXGroup;
			children = (
				0415769F25C955D900593681 /* SmartScanner.app */,
			);
			name = Products;
			sourceTree = "<group>";
		};
		041576A125C955D900593681 /* SmartScanner */ = {
			isa = PBXGroup;
			children = (
				04EFEE0025CAFAAD00AA2194 /* TabBarViewController */,
				041576A225C955D900593681 /* AppDelegate.swift */,
				041576A425C955D900593681 /* SceneDelegate.swift */,
				041576A625C955D900593681 /* ViewController.swift */,
				041576A825C955D900593681 /* Main.storyboard */,
				041576AE25C955DE00593681 /* Assets.xcassets */,
				041576B025C955DE00593681 /* LaunchScreen.storyboard */,
				041576B325C955DE00593681 /* Info.plist */,
				041576AB25C955D900593681 /* SmartScanner.xcdatamodeld */,
			);
			path = SmartScanner;
			sourceTree = "<group>";
		};
		04EFEE0025CAFAAD00AA2194 /* TabBarViewController */ = {
			isa = PBXGroup;
			children = (
				04EFEE0F25CB01F500AA2194 /* Generate */,
				04EFEE0125CAFAC100AA2194 /* History */,
			);
			path = TabBarViewController;
			sourceTree = "<group>";
		};
		04EFEE0125CAFAC100AA2194 /* History */ = {
			isa = PBXGroup;
			children = (
				04EFEE0725CAFC9F00AA2194 /* HistoryCell.swift */,
				04EFEE0B25CAFD3F00AA2194 /* HistoryTableViewController.swift */,
			);
			path = History;
			sourceTree = "<group>";
		};
		04EFEE0F25CB01F500AA2194 /* Generate */ = {
			isa = PBXGroup;
			children = (
				04EFEE1025CB020C00AA2194 /* GenerateViewController.swift */,
				042C7AC525CDDA4B00EAABDD /* GeneratorEmailQRVC.swift */,
			);
			path = Generate;
			sourceTree = "<group>";
		};
/* End PBXGroup section */

/* Begin PBXNativeTarget section */
		0415769E25C955D900593681 /* SmartScanner */ = {
			isa = PBXNativeTarget;
			buildConfigurationList = 041576B625C955DE00593681 /* Build configuration list for PBXNativeTarget "SmartScanner" */;
			buildPhases = (
				0415769B25C955D900593681 /* Sources */,
				0415769C25C955D900593681 /* Frameworks */,
				0415769D25C955D900593681 /* Resources */,
			);
			buildRules = (
			);
			dependencies = (
			);
			name = SmartScanner;
			productName = SmartScanner;
			productReference = 0415769F25C955D900593681 /* SmartScanner.app */;
			productType = "com.apple.product-type.application";
		};
/* End PBXNativeTarget section */

/* Begin PBXProject section */
		0415769725C955D900593681 /* Project object */ = {
			isa = PBXProject;
			attributes = {
				LastSwiftUpdateCheck = 1240;
				LastUpgradeCheck = 1240;
				TargetAttributes = {
					0415769E25C955D900593681 = {
						CreatedOnToolsVersion = 12.4;
					};
				};
			};
			buildConfigurationList = 0415769A25C955D900593681 /* Build configuration list for PBXProject "SmartScanner" */;
			compatibilityVersion = "Xcode 9.3";
			developmentRegion = en;
			hasScannedForEncodings = 0;
			knownRegions = (
				en,
				Base,
			);
			mainGroup = 0415769625C955D900593681;
			productRefGroup = 041576A025C955D900593681 /* Products */;
			projectDirPath = "";
			projectRoot = "";
			targets = (
				0415769E25C955D900593681 /* SmartScanner */,
			);
		};
/* End PBXProject section */

/* Begin PBXResourcesBuildPhase section */
		0415769D25C955D900593681 /* Resources */ = {
			isa = PBXResourcesBuildPhase;
			buildActionMask = 2147483647;
			files = (
				041576B225C955DE00593681 /* LaunchScreen.storyboard in Resources */,
				041576AF25C955DE00593681 /* Assets.xcassets in Resources */,
				041576AA25C955D900593681 /* Main.storyboard in Resources */,
			);
			runOnlyForDeploymentPostprocessing = 0;
		};
/* End PBXResourcesBuildPhase section */

/* Begin PBXSourcesBuildPhase section */
		0415769B25C955D900593681 /* Sources */ = {
			isa = PBXSourcesBuildPhase;
			buildActionMask = 2147483647;
			files = (
				04EFEE0825CAFC9F00AA2194 /* HistoryCell.swift in Sources */,
				041576A725C955D900593681 /* ViewController.swift in Sources */,
				04EFEE0C25CAFD3F00AA2194 /* HistoryTableViewController.swift in Sources */,
				041576A325C955D900593681 /* AppDelegate.swift in Sources */,
				041576AD25C955D900593681 /* SmartScanner.xcdatamodeld in Sources */,
				041576A525C955D900593681 /* SceneDelegate.swift in Sources */,
				042C7AC625CDDA4B00EAABDD /* GeneratorEmailQRVC.swift in Sources */,
				04EFEE1125CB020C00AA2194 /* GenerateViewController.swift in Sources */,
			);
			runOnlyForDeploymentPostprocessing = 0;
		};
/* End PBXSourcesBuildPhase section */

/* Begin PBXVariantGroup section */
		041576A825C955D900593681 /* Main.storyboard */ = {
			isa = PBXVariantGroup;
			children = (
				041576A925C955D900593681 /* Base */,
			);
			name = Main.storyboard;
			sourceTree = "<group>";
		};
		041576B025C955DE00593681 /* LaunchScreen.storyboard */ = {
			isa = PBXVariantGroup;
			children = (
				041576B125C955DE00593681 /* Base */,
			);
			name = LaunchScreen.storyboard;
			sourceTree = "<group>";
		};
/* End PBXVariantGroup section */

/* Begin XCBuildConfiguration section */
		041576B425C955DE00593681 /* Debug */ = {
			isa = XCBuildConfiguration;
			buildSettings = {
				ALWAYS_SEARCH_USER_PATHS = NO;
				CLANG_ANALYZER_NONNULL = YES;
				CLANG_ANALYZER_NUMBER_OBJECT_CONVERSION = YES_AGGRESSIVE;
				CLANG_CXX_LANGUAGE_STANDARD = "gnu++14";
				CLANG_CXX_LIBRARY = "libc++";
				CLANG_ENABLE_MODULES = YES;
				CLANG_ENABLE_OBJC_ARC = YES;
				CLANG_ENABLE_OBJC_WEAK = YES;
				CLANG_WARN_BLOCK_CAPTURE_AUTORELEASING = YES;
				CLANG_WARN_BOOL_CONVERSION = YES;
				CLANG_WARN_COMMA = YES;
				CLANG_WARN_CONSTANT_CONVERSION = YES;
				CLANG_WARN_DEPRECATED_OBJC_IMPLEMENTATIONS = YES;
				CLANG_WARN_DIRECT_OBJC_ISA_USAGE = YES_ERROR;
				CLANG_WARN_DOCUMENTATION_COMMENTS = YES;
				CLANG_WARN_EMPTY_BODY = YES;
				CLANG_WARN_ENUM_CONVERSION = YES;
				CLANG_WARN_INFINITE_RECURSION = YES;
				CLANG_WARN_INT_CONVERSION = YES;
				CLANG_WARN_NON_LITERAL_NULL_CONVERSION = YES;
				CLANG_WARN_OBJC_IMPLICIT_RETAIN_SELF = YES;
				CLANG_WARN_OBJC_LITERAL_CONVERSION = YES;
				CLANG_WARN_OBJC_ROOT_CLASS = YES_ERROR;
				CLANG_WARN_QUOTED_INCLUDE_IN_FRAMEWORK_HEADER = YES;
				CLANG_WARN_RANGE_LOOP_ANALYSIS = YES;
				CLANG_WARN_STRICT_PROTOTYPES = YES;
				CLANG_WARN_SUSPICIOUS_MOVE = YES;
				CLANG_WARN_UNGUARDED_AVAILABILITY = YES_AGGRESSIVE;
				CLANG_WARN_UNREACHABLE_CODE = YES;
				CLANG_WARN__DUPLICATE_METHOD_MATCH = YES;
				COPY_PHASE_STRIP = NO;
				DEBUG_INFORMATION_FORMAT = dwarf;
				ENABLE_STRICT_OBJC_MSGSEND = YES;
				ENABLE_TESTABILITY = YES;
				GCC_C_LANGUAGE_STANDARD = gnu11;
				GCC_DYNAMIC_NO_PIC = NO;
				GCC_NO_COMMON_BLOCKS = YES;
				GCC_OPTIMIZATION_LEVEL = 0;
				GCC_PREPROCESSOR_DEFINITIONS = (
					"DEBUG=1",
					"$(inherited)",
				);
				GCC_WARN_64_TO_32_BIT_CONVERSION = YES;
				GCC_WARN_ABOUT_RETURN_TYPE = YES_ERROR;
				GCC_WARN_UNDECLARED_SELECTOR = YES;
				GCC_WARN_UNINITIALIZED_AUTOS = YES_AGGRESSIVE;
				GCC_WARN_UNUSED_FUNCTION = YES;
				GCC_WARN_UNUSED_VARIABLE = YES;
				IPHONEOS_DEPLOYMENT_TARGET = 14.4;
				MTL_ENABLE_DEBUG_INFO = INCLUDE_SOURCE;
				MTL_FAST_MATH = YES;
				ONLY_ACTIVE_ARCH = YES;
				SDKROOT = iphoneos;
				SWIFT_ACTIVE_COMPILATION_CONDITIONS = DEBUG;
				SWIFT_OPTIMIZATION_LEVEL = "-Onone";
			};
			name = Debug;
		};
		041576B525C955DE00593681 /* Release */ = {
			isa = XCBuildConfiguration;
			buildSettings = {
				ALWAYS_SEARCH_USER_PATHS = NO;
				CLANG_ANALYZER_NONNULL = YES;
				CLANG_ANALYZER_NUMBER_OBJECT_CONVERSION = YES_AGGRESSIVE;
				CLANG_CXX_LANGUAGE_STANDARD = "gnu++14";
				CLANG_CXX_LIBRARY = "libc++";
				CLANG_ENABLE_MODULES = YES;
				CLANG_ENABLE_OBJC_ARC = YES;
				CLANG_ENABLE_OBJC_WEAK = YES;
				CLANG_WARN_BLOCK_CAPTURE_AUTORELEASING = YES;
				CLANG_WARN_BOOL_CONVERSION = YES;
				CLANG_WARN_COMMA = YES;
				CLANG_WARN_CONSTANT_CONVERSION = YES;
				CLANG_WARN_DEPRECATED_OBJC_IMPLEMENTATIONS = YES;
				CLANG_WARN_DIRECT_OBJC_ISA_USAGE = YES_ERROR;
				CLANG_WARN_DOCUMENTATION_COMMENTS = YES;
				CLANG_WARN_EMPTY_BODY = YES;
				CLANG_WARN_ENUM_CONVERSION = YES;
				CLANG_WARN_INFINITE_RECURSION = YES;
				CLANG_WARN_INT_CONVERSION = YES;
				CLANG_WARN_NON_LITERAL_NULL_CONVERSION = YES;
				CLANG_WARN_OBJC_IMPLICIT_RETAIN_SELF = YES;
				CLANG_WARN_OBJC_LITERAL_CONVERSION = YES;
				CLANG_WARN_OBJC_ROOT_CLASS = YES_ERROR;
				CLANG_WARN_QUOTED_INCLUDE_IN_FRAMEWORK_HEADER = YES;
				CLANG_WARN_RANGE_LOOP_ANALYSIS = YES;
				CLANG_WARN_STRICT_PROTOTYPES = YES;
				CLANG_WARN_SUSPICIOUS_MOVE = YES;
				CLANG_WARN_UNGUARDED_AVAILABILITY = YES_AGGRESSIVE;
				CLANG_WARN_UNREACHABLE_CODE = YES;
				CLANG_WARN__DUPLICATE_METHOD_MATCH = YES;
				COPY_PHASE_STRIP = NO;
				DEBUG_INFORMATION_FORMAT = "dwarf-with-dsym";
				ENABLE_NS_ASSERTIONS = NO;
				ENABLE_STRICT_OBJC_MSGSEND = YES;
				GCC_C_LANGUAGE_STANDARD = gnu11;
				GCC_NO_COMMON_BLOCKS = YES;
				GCC_WARN_64_TO_32_BIT_CONVERSION = YES;
				GCC_WARN_ABOUT_RETURN_TYPE = YES_ERROR;
				GCC_WARN_UNDECLARED_SELECTOR = YES;
				GCC_WARN_UNINITIALIZED_AUTOS = YES_AGGRESSIVE;
				GCC_WARN_UNUSED_FUNCTION = YES;
				GCC_WARN_UNUSED_VARIABLE = YES;
				IPHONEOS_DEPLOYMENT_TARGET = 14.4;
				MTL_ENABLE_DEBUG_INFO = NO;
				MTL_FAST_MATH = YES;
				SDKROOT = iphoneos;
				SWIFT_COMPILATION_MODE = wholemodule;
				SWIFT_OPTIMIZATION_LEVEL = "-O";
				VALIDATE_PRODUCT = YES;
			};
			name = Release;
		};
		041576B725C955DE00593681 /* Debug */ = {
			isa = XCBuildConfiguration;
			buildSettings = {
				ASSETCATALOG_COMPILER_APPICON_NAME = AppIcon;
				ASSETCATALOG_COMPILER_GLOBAL_ACCENT_COLOR_NAME = AccentColor;
				CODE_SIGN_STYLE = Automatic;
				DEVELOPMENT_TEAM = 2GCU88L4P8;
				INFOPLIST_FILE = SmartScanner/Info.plist;
				LD_RUNPATH_SEARCH_PATHS = (
					"$(inherited)",
					"@executable_path/Frameworks",
				);
				PRODUCT_BUNDLE_IDENTIFIER = com.SmartScanner;
				PRODUCT_NAME = "$(TARGET_NAME)";
				SWIFT_VERSION = 5.0;
				TARGETED_DEVICE_FAMILY = "1,2";
			};
			name = Debug;
		};
		041576B825C955DE00593681 /* Release */ = {
			isa = XCBuildConfiguration;
			buildSettings = {
				ASSETCATALOG_COMPILER_APPICON_NAME = AppIcon;
				ASSETCATALOG_COMPILER_GLOBAL_ACCENT_COLOR_NAME = AccentColor;
				CODE_SIGN_STYLE = Automatic;
				DEVELOPMENT_TEAM = 2GCU88L4P8;
				INFOPLIST_FILE = SmartScanner/Info.plist;
				LD_RUNPATH_SEARCH_PATHS = (
					"$(inherited)",
					"@executable_path/Frameworks",
				);
				PRODUCT_BUNDLE_IDENTIFIER = com.SmartScanner;
				PRODUCT_NAME = "$(TARGET_NAME)";
				SWIFT_VERSION = 5.0;
				TARGETED_DEVICE_FAMILY = "1,2";
			};
			name = Release;
		};
/* End XCBuildConfiguration section */

/* Begin XCConfigurationList section */
		0415769A25C955D900593681 /* Build configuration list for PBXProject "SmartScanner" */ = {
			isa = XCConfigurationList;
			buildConfigurations = (
				041576B425C955DE00593681 /* Debug */,
				041576B525C955DE00593681 /* Release */,
			);
			defaultConfigurationIsVisible = 0;
			defaultConfigurationName = Release;
		};
		041576B625C955DE00593681 /* Build configuration list for PBXNativeTarget "SmartScanner" */ = {
			isa = XCConfigurationList;
			buildConfigurations = (
				041576B725C955DE00593681 /* Debug */,
				041576B825C955DE00593681 /* Release */,
			);
			defaultConfigurationIsVisible = 0;
			defaultConfigurationName = Release;
		};
/* End XCConfigurationList section */

/* Begin XCVersionGroup section */
		041576AB25C955D900593681 /* SmartScanner.xcdatamodeld */ = {
			isa = XCVersionGroup;
			children = (
				041576AC25C955D900593681 /* SmartScanner.xcdatamodel */,
			);
			currentVersion = 041576AC25C955D900593681 /* SmartScanner.xcdatamodel */;
			path = SmartScanner.xcdatamodeld;
			sourceTree = "<group>";
			versionGroupType = wrapper.xcdatamodel;
		};
/* End XCVersionGroup section */
	};
	rootObject = 0415769725C955D900593681 /* Project object */;
}
